
Microsoft Visual Studio Solution File, Format Version 12.00
# Visual Studio Version 17
VisualStudioVersion = 17.9.34622.214
MinimumVisualStudioVersion = 10.0.40219.1
Project("{FAE04EC0-301F-11D3-BF4B-00C04F79EFBC}") = "Barbearia", "Barbearia.csproj", "{B361256E-5095-4AE1-961D-CBCCA8EF5E86}"
EndProject
Project("{2150E333-8FDC-42A3-9474-1A3956D46DE8}") = "Model", "Model", "{142EA747-A4C5-4E74-9DE5-EB604BAE178C}"
	ProjectSection(SolutionItems) = preProject
		Cortes = Cortes
	EndProjectSection
EndProject
Project("{2150E333-8FDC-42A3-9474-1A3956D46DE8}") = "Properties", "Properties", "{CC3A9173-FE0B-4F62-9113-B0987BABB562}"
EndProject
Global
	GlobalSection(SolutionConfigurationPlatforms) = preSolution
		Debug|Any CPU = Debug|Any CPU
		Release|Any CPU = Release|Any CPU
	EndGlobalSection
	GlobalSection(ProjectConfigurationPlatforms) = postSolution
		{B361256E-5095-4AE1-961D-CBCCA8EF5E86}.Debug|Any CPU.ActiveCfg = Debug|Any CPU
		{B361256E-5095-4AE1-961D-CBCCA8EF5E86}.Debug|Any CPU.Build.0 = Debug|Any CPU
		{B361256E-5095-4AE1-961D-CBCCA8EF5E86}.Release|Any CPU.ActiveCfg = Release|Any CPU
		{B361256E-5095-4AE1-961D-CBCCA8EF5E86}.Release|Any CPU.Build.0 = Release|Any CPU
	EndGlobalSection
	GlobalSection(SolutionProperties) = preSolution
		HideSolutionNode = FALSE
	EndGlobalSection
	GlobalSection(ExtensibilityGlobals) = postSolution
		SolutionGuid = {87D6351D-5A2D-46EA-97DB-90240967E966}
	EndGlobalSection
EndGlobal
